
Microsoft Visual Studio Solution File, Format Version 12.00
# Visual Studio Version 17
VisualStudioVersion = 17.8.34322.80
MinimumVisualStudioVersion = 10.0.40219.1
Project("{FAE04EC0-301F-11D3-BF4B-00C04F79EFBC}") = "buoi1", "buoi1\buoi1.csproj", "{BD6C45EE-65A2-49E1-B89C-6FF7FA6A7C31}"
EndProject
Global
	GlobalSection(SolutionConfigurationPlatforms) = preSolution
		Debug|Any CPU = Debug|Any CPU
		Release|Any CPU = Release|Any CPU
	EndGlobalSection
	GlobalSection(ProjectConfigurationPlatforms) = postSolution
		{BD6C45EE-65A2-49E1-B89C-6FF7FA6A7C31}.Debug|Any CPU.ActiveCfg = Debug|Any CPU
		{BD6C45EE-65A2-49E1-B89C-6FF7FA6A7C31}.Debug|Any CPU.Build.0 = Debug|Any CPU
		{BD6C45EE-65A2-49E1-B89C-6FF7FA6A7C31}.Release|Any CPU.ActiveCfg = Release|Any CPU
		{BD6C45EE-65A2-49E1-B89C-6FF7FA6A7C31}.Release|Any CPU.Build.0 = Release|Any CPU
	EndGlobalSection
	GlobalSection(SolutionProperties) = preSolution
		HideSolutionNode = FALSE
	EndGlobalSection
	GlobalSection(ExtensibilityGlobals) = postSolution
		SolutionGuid = {1B4F6EA8-C7B8-41A5-A5DA-893B2D5D7B12}
	EndGlobalSection
EndGlobal
